{
    "_readme": [
        "This file locks the dependencies of your project to a known state",
        "Read more about it at https://getcomposer.org/doc/01-basic-usage.md#installing-dependencies",
        "This file is @generated automatically"
    ],
    "content-hash": "61684971e9665e2cc3f7ba8dccdca38c",
    "packages": [
        {
            "name": "frameright/image-metadata-parser",
            "version": "dev-master",
            "source": {
                "type": "git",
                "url": "https://github.com/Frameright/php-image-metadata-parser.git",
                "reference": "5f5091c631dc763a74a8d1bfffc4999f8287c1e4"
            },
            "dist": {
                "type": "zip",
                "url": "https://api.github.com/repos/Frameright/php-image-metadata-parser/zipball/5f5091c631dc763a74a8d1bfffc4999f8287c1e4",
                "reference": "5f5091c631dc763a74a8d1bfffc4999f8287c1e4",
                "shasum": ""
            },
            "require": {
                "php": ">=5.5"
            },
            "require-dev": {
                "mockery/mockery": "~0.9",
                "phpcompatibility/php-compatibility": "^9.3.5",
                "phpunit/phpunit": "^9.5.25"
            },
            "default-branch": true,
            "type": "library",
            "autoload": {
                "psr-4": {
                    "CSD\\Image\\": "src/"
                }
            },
            "scripts": {
                "lint": [
                    "./vendor/bin/phpcs"
                ],
                "test": [
                    "./vendor/bin/phpunit"
                ]
            },
            "license": [
                "MIT"
            ],
            "authors": [
                {
                    "name": "Frameright (Coberg Ltd)",
                    "email": "hello@frameright.io",
                    "homepage": "https://frameright.io/",
                    "role": "Developer"
                },
                {
                    "name": "Aurelien Lourot",
                    "email": "software@lourot.dev",
                    "homepage": "https://lourot.dev/",
                    "role": "Developer"
                },
                {
                    "name": "Daniel Chesterton",
                    "email": "daniel@chestertondevelopment.com",
                    "homepage": "http://www.chestertondevelopment.com",
                    "role": "Developer"
                }
            ],
            "description": "Image metadata library",
            "keywords": [
                "Exif",
                "IPTC",
                "Image",
                "Metadata",
                "Photo",
                "XMP"
            ],
            "support": {
                "source": "https://github.com/Frameright/php-image-metadata-parser/tree/master",
                "issues": "https://github.com/Frameright/php-image-metadata-parser/issues"
            },
            "time": "2023-03-03T17:25:48+00:00"
        }
    ],
    "packages-dev": [],
    "aliases": [],
    "minimum-stability": "dev",
    "stability-flags": {
        "frameright/image-metadata-parser": 20
    },
    "prefer-stable": false,
    "prefer-lowest": false,
    "platform": [],
    "platform-dev": [],
    "plugin-api-version": "2.3.0"
}
